
Microsoft Visual Studio Solution File, Format Version 12.00
# Visual Studio Version 16
VisualStudioVersion = 16.0.30717.126
MinimumVisualStudioVersion = 10.0.40219.1
Project("{9A19103F-16F7-4668-BE54-9A1E7A4F7556}") = "MathLib", "MathLib\MathLib.csproj", "{BEFE8472-FD6D-40F8-B40B-B973A72909C0}"
EndProject
Project("{FAE04EC0-301F-11D3-BF4B-00C04F79EFBC}") = "MathProgram", "MathProgram\MathProgram.csproj", "{A43D0AA0-CD73-4CF0-826D-C0214E7620BE}"
EndProject
Global
	GlobalSection(SolutionConfigurationPlatforms) = preSolution
		Debug|Any CPU = Debug|Any CPU
		Release|Any CPU = Release|Any CPU
	EndGlobalSection
	GlobalSection(ProjectConfigurationPlatforms) = postSolution
		{BEFE8472-FD6D-40F8-B40B-B973A72909C0}.Debug|Any CPU.ActiveCfg = Debug|Any CPU
		{BEFE8472-FD6D-40F8-B40B-B973A72909C0}.Debug|Any CPU.Build.0 = Debug|Any CPU
		{BEFE8472-FD6D-40F8-B40B-B973A72909C0}.Release|Any CPU.ActiveCfg = Release|Any CPU
		{BEFE8472-FD6D-40F8-B40B-B973A72909C0}.Release|Any CPU.Build.0 = Release|Any CPU
		{A43D0AA0-CD73-4CF0-826D-C0214E7620BE}.Debug|Any CPU.ActiveCfg = Debug|Any CPU
		{A43D0AA0-CD73-4CF0-826D-C0214E7620BE}.Debug|Any CPU.Build.0 = Debug|Any CPU
		{A43D0AA0-CD73-4CF0-826D-C0214E7620BE}.Release|Any CPU.ActiveCfg = Release|Any CPU
		{A43D0AA0-CD73-4CF0-826D-C0214E7620BE}.Release|Any CPU.Build.0 = Release|Any CPU
	EndGlobalSection
	GlobalSection(SolutionProperties) = preSolution
		HideSolutionNode = FALSE
	EndGlobalSection
	GlobalSection(ExtensibilityGlobals) = postSolution
		SolutionGuid = {A28CC046-0349-433C-9EAB-C300AF9555F1}
	EndGlobalSection
EndGlobal
